// !$*UTF8*$!
{
	archiveVersion = 1;
	classes = {
	};
	objectVersion = 46;
	objects = {

/* Begin PBXBuildFile section */
		545E186B1A05D2C20069FC67 /* libicucore.dylib in Frameworks */ = {isa = PBXBuildFile; fileRef = 545E186A1A05D2C20069FC67 /* libicucore.dylib */; };
		545E186D1A05D2CC0069FC67 /* libc++.dylib in Frameworks */ = {isa = PBXBuildFile; fileRef = 545E186C1A05D2CC0069FC67 /* libc++.dylib */; };
		545E186F1A05D2D80069FC67 /* CFNetwork.framework in Frameworks */ = {isa = PBXBuildFile; fileRef = 545E186E1A05D2D80069FC67 /* CFNetwork.framework */; };
		545E18711A05D2F00069FC67 /* Security.framework in Frameworks */ = {isa = PBXBuildFile; fileRef = 545E18701A05D2F00069FC67 /* Security.framework */; };
		545E18731A05D2F90069FC67 /* SystemConfiguration.framework in Frameworks */ = {isa = PBXBuildFile; fileRef = 545E18721A05D2F90069FC67 /* SystemConfiguration.framework */; };
		5471DFEB1A055C4F00A894BE /* main.m in Sources */ = {isa = PBXBuildFile; fileRef = 5471DFEA1A055C4F00A894BE /* main.m */; };
		5471DFEE1A055C4F00A894BE /* AppDelegate.m in Sources */ = {isa = PBXBuildFile; fileRef = 5471DFED1A055C4F00A894BE /* AppDelegate.m */; };
		5471DFF11A055C4F00A894BE /* EmojiPass.xcdatamodeld in Sources */ = {isa = PBXBuildFile; fileRef = 5471DFEF1A055C4F00A894BE /* EmojiPass.xcdatamodeld */; };
		5471DFF41A055C4F00A894BE /* ViewController.m in Sources */ = {isa = PBXBuildFile; fileRef = 5471DFF31A055C4F00A894BE /* ViewController.m */; };
		5471DFF71A055C4F00A894BE /* Main.storyboard in Resources */ = {isa = PBXBuildFile; fileRef = 5471DFF51A055C4F00A894BE /* Main.storyboard */; };
		5471DFF91A055C4F00A894BE /* Images.xcassets in Resources */ = {isa = PBXBuildFile; fileRef = 5471DFF81A055C4F00A894BE /* Images.xcassets */; };
		5471DFFC1A055C4F00A894BE /* LaunchScreen.xib in Resources */ = {isa = PBXBuildFile; fileRef = 5471DFFA1A055C4F00A894BE /* LaunchScreen.xib */; };
		5471E0081A055C5000A894BE /* EmojiPassTests.m in Sources */ = {isa = PBXBuildFile; fileRef = 5471E0071A055C5000A894BE /* EmojiPassTests.m */; };
		5471E0121A055F6500A894BE /* opencv2.framework in Frameworks */ = {isa = PBXBuildFile; fileRef = 5471E0111A055F6500A894BE /* opencv2.framework */; };
		5471E0191A0574D200A894BE /* CameraProcessingViewController.mm in Sources */ = {isa = PBXBuildFile; fileRef = 5471E0181A0574D200A894BE /* CameraProcessingViewController.mm */; };
		5471E01B1A05851B00A894BE /* Accelerate.framework in Frameworks */ = {isa = PBXBuildFile; fileRef = 5471E01A1A05851B00A894BE /* Accelerate.framework */; };
		5471E01D1A05852300A894BE /* AssetsLibrary.framework in Frameworks */ = {isa = PBXBuildFile; fileRef = 5471E01C1A05852300A894BE /* AssetsLibrary.framework */; };
		5471E01F1A05852900A894BE /* AVFoundation.framework in Frameworks */ = {isa = PBXBuildFile; fileRef = 5471E01E1A05852900A894BE /* AVFoundation.framework */; };
		5471E0211A05853500A894BE /* CoreGraphics.framework in Frameworks */ = {isa = PBXBuildFile; fileRef = 5471E0201A05853500A894BE /* CoreGraphics.framework */; };
		5471E0231A05853E00A894BE /* CoreImage.framework in Frameworks */ = {isa = PBXBuildFile; fileRef = 5471E0221A05853E00A894BE /* CoreImage.framework */; };
		5471E0251A05855200A894BE /* CoreMedia.framework in Frameworks */ = {isa = PBXBuildFile; fileRef = 5471E0241A05855200A894BE /* CoreMedia.framework */; };
		5471E0271A05855B00A894BE /* CoreVideo.framework in Frameworks */ = {isa = PBXBuildFile; fileRef = 5471E0261A05855B00A894BE /* CoreVideo.framework */; };
		5471E0291A05856300A894BE /* QuartzCore.framework in Frameworks */ = {isa = PBXBuildFile; fileRef = 5471E0281A05856300A894BE /* QuartzCore.framework */; };
		5471E02B1A05856A00A894BE /* UIKit.framework in Frameworks */ = {isa = PBXBuildFile; fileRef = 5471E02A1A05856A00A894BE /* UIKit.framework */; };
		5471E02D1A05857100A894BE /* Foundation.framework in Frameworks */ = {isa = PBXBuildFile; fileRef = 5471E02C1A05857100A894BE /* Foundation.framework */; };
		9A09D7725575EDE7220ADCA4 /* libPods.a in Frameworks */ = {isa = PBXBuildFile; fileRef = B568C266C049D2F9FBB1F393 /* libPods.a */; };
		D0049B811A05B34F00AFF1E6 /* MercuryClient.m in Sources */ = {isa = PBXBuildFile; fileRef = D0049B801A05B34F00AFF1E6 /* MercuryClient.m */; };
		D0049B841A05E17900AFF1E6 /* CreditCardViewController.m in Sources */ = {isa = PBXBuildFile; fileRef = D0049B831A05E17900AFF1E6 /* CreditCardViewController.m */; };
		D0049B871A06273300AFF1E6 /* CalibrateViewController.m in Sources */ = {isa = PBXBuildFile; fileRef = D0049B861A06273300AFF1E6 /* CalibrateViewController.m */; };
		D0049B8A1A06416F00AFF1E6 /* face.jpg in Resources */ = {isa = PBXBuildFile; fileRef = D0049B881A06416F00AFF1E6 /* face.jpg */; };
		D0049B8B1A06416F00AFF1E6 /* background.png in Resources */ = {isa = PBXBuildFile; fileRef = D0049B891A06416F00AFF1E6 /* background.png */; };
		D0049B8E1A064FF500AFF1E6 /* background2.jpg in Resources */ = {isa = PBXBuildFile; fileRef = D0049B8C1A064FF500AFF1E6 /* background2.jpg */; };
		D0049B8F1A064FF500AFF1E6 /* background3.jpg in Resources */ = {isa = PBXBuildFile; fileRef = D0049B8D1A064FF500AFF1E6 /* background3.jpg */; };
/* End PBXBuildFile section */

/* Begin PBXContainerItemProxy section */
		5471E0021A055C5000A894BE /* PBXContainerItemProxy */ = {
			isa = PBXContainerItemProxy;
			containerPortal = 5471DFDD1A055C4F00A894BE /* Project object */;
			proxyType = 1;
			remoteGlobalIDString = 5471DFE41A055C4F00A894BE;
			remoteInfo = EmojiPass;
		};
/* End PBXContainerItemProxy section */

/* Begin PBXFileReference section */
		545E186A1A05D2C20069FC67 /* libicucore.dylib */ = {isa = PBXFileReference; lastKnownFileType = "compiled.mach-o.dylib"; name = libicucore.dylib; path = usr/lib/libicucore.dylib; sourceTree = SDKROOT; };
		545E186C1A05D2CC0069FC67 /* libc++.dylib */ = {isa = PBXFileReference; lastKnownFileType = "compiled.mach-o.dylib"; name = "libc++.dylib"; path = "usr/lib/libc++.dylib"; sourceTree = SDKROOT; };
		545E186E1A05D2D80069FC67 /* CFNetwork.framework */ = {isa = PBXFileReference; lastKnownFileType = wrapper.framework; name = CFNetwork.framework; path = System/Library/Frameworks/CFNetwork.framework; sourceTree = SDKROOT; };
		545E18701A05D2F00069FC67 /* Security.framework */ = {isa = PBXFileReference; lastKnownFileType = wrapper.framework; name = Security.framework; path = System/Library/Frameworks/Security.framework; sourceTree = SDKROOT; };
		545E18721A05D2F90069FC67 /* SystemConfiguration.framework */ = {isa = PBXFileReference; lastKnownFileType = wrapper.framework; name = SystemConfiguration.framework; path = System/Library/Frameworks/SystemConfiguration.framework; sourceTree = SDKROOT; };
		5471DFE51A055C4F00A894BE /* EmojiPass.app */ = {isa = PBXFileReference; explicitFileType = wrapper.application; includeInIndex = 0; path = EmojiPass.app; sourceTree = BUILT_PRODUCTS_DIR; };
		5471DFE91A055C4F00A894BE /* Info.plist */ = {isa = PBXFileReference; lastKnownFileType = text.plist.xml; path = Info.plist; sourceTree = "<group>"; };
		5471DFEA1A055C4F00A894BE /* main.m */ = {isa = PBXFileReference; lastKnownFileType = sourcecode.c.objc; path = main.m; sourceTree = "<group>"; };
		5471DFEC1A055C4F00A894BE /* AppDelegate.h */ = {isa = PBXFileReference; lastKnownFileType = sourcecode.c.h; path = AppDelegate.h; sourceTree = "<group>"; };
		5471DFED1A055C4F00A894BE /* AppDelegate.m */ = {isa = PBXFileReference; lastKnownFileType = sourcecode.c.objc; path = AppDelegate.m; sourceTree = "<group>"; };
		5471DFF01A055C4F00A894BE /* EmojiPass.xcdatamodel */ = {isa = PBXFileReference; lastKnownFileType = wrapper.xcdatamodel; path = EmojiPass.xcdatamodel; sourceTree = "<group>"; };
		5471DFF21A055C4F00A894BE /* ViewController.h */ = {isa = PBXFileReference; lastKnownFileType = sourcecode.c.h; path = ViewController.h; sourceTree = "<group>"; };
		5471DFF31A055C4F00A894BE /* ViewController.m */ = {isa = PBXFileReference; lastKnownFileType = sourcecode.c.objc; path = ViewController.m; sourceTree = "<group>"; };
		5471DFF61A055C4F00A894BE /* Base */ = {isa = PBXFileReference; lastKnownFileType = file.storyboard; name = Base; path = Base.lproj/Main.storyboard; sourceTree = "<group>"; };
		5471DFF81A055C4F00A894BE /* Images.xcassets */ = {isa = PBXFileReference; lastKnownFileType = folder.assetcatalog; path = Images.xcassets; sourceTree = "<group>"; };
		5471DFFB1A055C4F00A894BE /* Base */ = {isa = PBXFileReference; lastKnownFileType = file.xib; name = Base; path = Base.lproj/LaunchScreen.xib; sourceTree = "<group>"; };
		5471E0011A055C5000A894BE /* EmojiPassTests.xctest */ = {isa = PBXFileReference; explicitFileType = wrapper.cfbundle; includeInIndex = 0; path = EmojiPassTests.xctest; sourceTree = BUILT_PRODUCTS_DIR; };
		5471E0061A055C5000A894BE /* Info.plist */ = {isa = PBXFileReference; lastKnownFileType = text.plist.xml; path = Info.plist; sourceTree = "<group>"; };
		5471E0071A055C5000A894BE /* EmojiPassTests.m */ = {isa = PBXFileReference; lastKnownFileType = sourcecode.c.objc; path = EmojiPassTests.m; sourceTree = "<group>"; };
		5471E0111A055F6500A894BE /* opencv2.framework */ = {isa = PBXFileReference; lastKnownFileType = wrapper.framework; name = opencv2.framework; path = EmojiPass/opencv2.framework; sourceTree = "<group>"; };
		5471E0131A0562A200A894BE /* PrefixHeader.pch */ = {isa = PBXFileReference; lastKnownFileType = sourcecode.c.h; name = PrefixHeader.pch; path = EmojiPass/PrefixHeader.pch; sourceTree = "<group>"; };
		5471E0171A0574D200A894BE /* CameraProcessingViewController.h */ = {isa = PBXFileReference; fileEncoding = 4; lastKnownFileType = sourcecode.c.h; path = CameraProcessingViewController.h; sourceTree = "<group>"; };
		5471E0181A0574D200A894BE /* CameraProcessingViewController.mm */ = {isa = PBXFileReference; fileEncoding = 4; lastKnownFileType = sourcecode.cpp.objcpp; path = CameraProcessingViewController.mm; sourceTree = "<group>"; };
		5471E01A1A05851B00A894BE /* Accelerate.framework */ = {isa = PBXFileReference; lastKnownFileType = wrapper.framework; name = Accelerate.framework; path = System/Library/Frameworks/Accelerate.framework; sourceTree = SDKROOT; };
		5471E01C1A05852300A894BE /* AssetsLibrary.framework */ = {isa = PBXFileReference; lastKnownFileType = wrapper.framework; name = AssetsLibrary.framework; path = System/Library/Frameworks/AssetsLibrary.framework; sourceTree = SDKROOT; };
		5471E01E1A05852900A894BE /* AVFoundation.framework */ = {isa = PBXFileReference; lastKnownFileType = wrapper.framework; name = AVFoundation.framework; path = System/Library/Frameworks/AVFoundation.framework; sourceTree = SDKROOT; };
		5471E0201A05853500A894BE /* CoreGraphics.framework */ = {isa = PBXFileReference; lastKnownFileType = wrapper.framework; name = CoreGraphics.framework; path = System/Library/Frameworks/CoreGraphics.framework; sourceTree = SDKROOT; };
		5471E0221A05853E00A894BE /* CoreImage.framework */ = {isa = PBXFileReference; lastKnownFileType = wrapper.framework; name = CoreImage.framework; path = System/Library/Frameworks/CoreImage.framework; sourceTree = SDKROOT; };
		5471E0241A05855200A894BE /* CoreMedia.framework */ = {isa = PBXFileReference; lastKnownFileType = wrapper.framework; name = CoreMedia.framework; path = System/Library/Frameworks/CoreMedia.framework; sourceTree = SDKROOT; };
		5471E0261A05855B00A894BE /* CoreVideo.framework */ = {isa = PBXFileReference; lastKnownFileType = wrapper.framework; name = CoreVideo.framework; path = System/Library/Frameworks/CoreVideo.framework; sourceTree = SDKROOT; };
		5471E0281A05856300A894BE /* QuartzCore.framework */ = {isa = PBXFileReference; lastKnownFileType = wrapper.framework; name = QuartzCore.framework; path = System/Library/Frameworks/QuartzCore.framework; sourceTree = SDKROOT; };
		5471E02A1A05856A00A894BE /* UIKit.framework */ = {isa = PBXFileReference; lastKnownFileType = wrapper.framework; name = UIKit.framework; path = System/Library/Frameworks/UIKit.framework; sourceTree = SDKROOT; };
		5471E02C1A05857100A894BE /* Foundation.framework */ = {isa = PBXFileReference; lastKnownFileType = wrapper.framework; name = Foundation.framework; path = System/Library/Frameworks/Foundation.framework; sourceTree = SDKROOT; };
		547F191304C07C59659F1B48 /* Pods.release.xcconfig */ = {isa = PBXFileReference; includeInIndex = 1; lastKnownFileType = text.xcconfig; name = Pods.release.xcconfig; path = "Pods/Target Support Files/Pods/Pods.release.xcconfig"; sourceTree = "<group>"; };
		B0E05438D28C24268E02676E /* Pods.debug.xcconfig */ = {isa = PBXFileReference; includeInIndex = 1; lastKnownFileType = text.xcconfig; name = Pods.debug.xcconfig; path = "Pods/Target Support Files/Pods/Pods.debug.xcconfig"; sourceTree = "<group>"; };
		B568C266C049D2F9FBB1F393 /* libPods.a */ = {isa = PBXFileReference; explicitFileType = archive.ar; includeInIndex = 0; path = libPods.a; sourceTree = BUILT_PRODUCTS_DIR; };
		D0049B7F1A05B34F00AFF1E6 /* MercuryClient.h */ = {isa = PBXFileReference; fileEncoding = 4; lastKnownFileType = sourcecode.c.h; path = MercuryClient.h; sourceTree = "<group>"; };
		D0049B801A05B34F00AFF1E6 /* MercuryClient.m */ = {isa = PBXFileReference; fileEncoding = 4; lastKnownFileType = sourcecode.c.objc; path = MercuryClient.m; sourceTree = "<group>"; };
		D0049B821A05E17900AFF1E6 /* CreditCardViewController.h */ = {isa = PBXFileReference; fileEncoding = 4; lastKnownFileType = sourcecode.c.h; path = CreditCardViewController.h; sourceTree = "<group>"; };
		D0049B831A05E17900AFF1E6 /* CreditCardViewController.m */ = {isa = PBXFileReference; fileEncoding = 4; lastKnownFileType = sourcecode.c.objc; path = CreditCardViewController.m; sourceTree = "<group>"; };
		D0049B851A06273300AFF1E6 /* CalibrateViewController.h */ = {isa = PBXFileReference; fileEncoding = 4; lastKnownFileType = sourcecode.c.h; path = CalibrateViewController.h; sourceTree = "<group>"; };
		D0049B861A06273300AFF1E6 /* CalibrateViewController.m */ = {isa = PBXFileReference; fileEncoding = 4; lastKnownFileType = sourcecode.c.objc; path = CalibrateViewController.m; sourceTree = "<group>"; };
		D0049B881A06416F00AFF1E6 /* face.jpg */ = {isa = PBXFileReference; lastKnownFileType = image.jpeg; path = face.jpg; sourceTree = "<group>"; };
		D0049B891A06416F00AFF1E6 /* background.png */ = {isa = PBXFileReference; lastKnownFileType = image.png; path = background.png; sourceTree = "<group>"; };
		D0049B8C1A064FF500AFF1E6 /* background2.jpg */ = {isa = PBXFileReference; lastKnownFileType = image.jpeg; path = background2.jpg; sourceTree = "<group>"; };
		D0049B8D1A064FF500AFF1E6 /* background3.jpg */ = {isa = PBXFileReference; lastKnownFileType = image.jpeg; path = background3.jpg; sourceTree = "<group>"; };
/* End PBXFileReference section */

/* Begin PBXFrameworksBuildPhase section */
		5471DFE21A055C4F00A894BE /* Frameworks */ = {
			isa = PBXFrameworksBuildPhase;
			buildActionMask = 2147483647;
			files = (
				545E18731A05D2F90069FC67 /* SystemConfiguration.framework in Frameworks */,
				545E18711A05D2F00069FC67 /* Security.framework in Frameworks */,
				545E186F1A05D2D80069FC67 /* CFNetwork.framework in Frameworks */,
				545E186D1A05D2CC0069FC67 /* libc++.dylib in Frameworks */,
				545E186B1A05D2C20069FC67 /* libicucore.dylib in Frameworks */,
				5471E0121A055F6500A894BE /* opencv2.framework in Frameworks */,
				5471E01B1A05851B00A894BE /* Accelerate.framework in Frameworks */,
				5471E01D1A05852300A894BE /* AssetsLibrary.framework in Frameworks */,
				5471E01F1A05852900A894BE /* AVFoundation.framework in Frameworks */,
				5471E0211A05853500A894BE /* CoreGraphics.framework in Frameworks */,
				5471E0231A05853E00A894BE /* CoreImage.framework in Frameworks */,
				5471E0251A05855200A894BE /* CoreMedia.framework in Frameworks */,
				5471E0271A05855B00A894BE /* CoreVideo.framework in Frameworks */,
				5471E0291A05856300A894BE /* QuartzCore.framework in Frameworks */,
				5471E02B1A05856A00A894BE /* UIKit.framework in Frameworks */,
				5471E02D1A05857100A894BE /* Foundation.framework in Frameworks */,
				9A09D7725575EDE7220ADCA4 /* libPods.a in Frameworks */,
			);
			runOnlyForDeploymentPostprocessing = 0;
		};
		5471DFFE1A055C5000A894BE /* Frameworks */ = {
			isa = PBXFrameworksBuildPhase;
			buildActionMask = 2147483647;
			files = (
			);
			runOnlyForDeploymentPostprocessing = 0;
		};
/* End PBXFrameworksBuildPhase section */

/* Begin PBXGroup section */
		2893CEA6421F78BAD3E33AC5 /* Frameworks */ = {
			isa = PBXGroup;
			children = (
				545E18721A05D2F90069FC67 /* SystemConfiguration.framework */,
				545E18701A05D2F00069FC67 /* Security.framework */,
				545E186E1A05D2D80069FC67 /* CFNetwork.framework */,
				545E186C1A05D2CC0069FC67 /* libc++.dylib */,
				545E186A1A05D2C20069FC67 /* libicucore.dylib */,
				B568C266C049D2F9FBB1F393 /* libPods.a */,
			);
			name = Frameworks;
			sourceTree = "<group>";
		};
		5471DFDC1A055C4F00A894BE = {
			isa = PBXGroup;
			children = (
				5471E0111A055F6500A894BE /* opencv2.framework */,
				5471E02C1A05857100A894BE /* Foundation.framework */,
				5471E02A1A05856A00A894BE /* UIKit.framework */,
				5471E0281A05856300A894BE /* QuartzCore.framework */,
				5471E0261A05855B00A894BE /* CoreVideo.framework */,
				5471E0241A05855200A894BE /* CoreMedia.framework */,
				5471E0221A05853E00A894BE /* CoreImage.framework */,
				5471E0201A05853500A894BE /* CoreGraphics.framework */,
				5471E01E1A05852900A894BE /* AVFoundation.framework */,
				5471E01C1A05852300A894BE /* AssetsLibrary.framework */,
				5471E01A1A05851B00A894BE /* Accelerate.framework */,
				5471E0131A0562A200A894BE /* PrefixHeader.pch */,
				5471DFE71A055C4F00A894BE /* EmojiPass */,
				5471E0041A055C5000A894BE /* EmojiPassTests */,
				5471DFE61A055C4F00A894BE /* Products */,
				9326E4F175DB987372FCE50D /* Pods */,
				2893CEA6421F78BAD3E33AC5 /* Frameworks */,
			);
			sourceTree = "<group>";
		};
		5471DFE61A055C4F00A894BE /* Products */ = {
			isa = PBXGroup;
			children = (
				5471DFE51A055C4F00A894BE /* EmojiPass.app */,
				5471E0011A055C5000A894BE /* EmojiPassTests.xctest */,
			);
			name = Products;
			sourceTree = "<group>";
		};
		5471DFE71A055C4F00A894BE /* EmojiPass */ = {
			isa = PBXGroup;
			children = (
				D0049B8C1A064FF500AFF1E6 /* background2.jpg */,
				D0049B8D1A064FF500AFF1E6 /* background3.jpg */,
				D0049B881A06416F00AFF1E6 /* face.jpg */,
				D0049B891A06416F00AFF1E6 /* background.png */,
				5471DFEC1A055C4F00A894BE /* AppDelegate.h */,
				5471DFED1A055C4F00A894BE /* AppDelegate.m */,
				5471DFF21A055C4F00A894BE /* ViewController.h */,
				5471DFF31A055C4F00A894BE /* ViewController.m */,
				5471E0171A0574D200A894BE /* CameraProcessingViewController.h */,
				5471E0181A0574D200A894BE /* CameraProcessingViewController.mm */,
				D0049B7F1A05B34F00AFF1E6 /* MercuryClient.h */,
				D0049B801A05B34F00AFF1E6 /* MercuryClient.m */,
				5471DFF51A055C4F00A894BE /* Main.storyboard */,
				D0049B821A05E17900AFF1E6 /* CreditCardViewController.h */,
				D0049B831A05E17900AFF1E6 /* CreditCardViewController.m */,
				D0049B851A06273300AFF1E6 /* CalibrateViewController.h */,
				D0049B861A06273300AFF1E6 /* CalibrateViewController.m */,
				5471DFF81A055C4F00A894BE /* Images.xcassets */,
				5471DFFA1A055C4F00A894BE /* LaunchScreen.xib */,
				5471DFEF1A055C4F00A894BE /* EmojiPass.xcdatamodeld */,
				5471DFE81A055C4F00A894BE /* Supporting Files */,
			);
			path = EmojiPass;
			sourceTree = "<group>";
		};
		5471DFE81A055C4F00A894BE /* Supporting Files */ = {
			isa = PBXGroup;
			children = (
				5471DFE91A055C4F00A894BE /* Info.plist */,
				5471DFEA1A055C4F00A894BE /* main.m */,
			);
			name = "Supporting Files";
			sourceTree = "<group>";
		};
		5471E0041A055C5000A894BE /* EmojiPassTests */ = {
			isa = PBXGroup;
			children = (
				5471E0071A055C5000A894BE /* EmojiPassTests.m */,
				5471E0051A055C5000A894BE /* Supporting Files */,
			);
			path = EmojiPassTests;
			sourceTree = "<group>";
		};
		5471E0051A055C5000A894BE /* Supporting Files */ = {
			isa = PBXGroup;
			children = (
				5471E0061A055C5000A894BE /* Info.plist */,
			);
			name = "Supporting Files";
			sourceTree = "<group>";
		};
		9326E4F175DB987372FCE50D /* Pods */ = {
			isa = PBXGroup;
			children = (
				B0E05438D28C24268E02676E /* Pods.debug.xcconfig */,
				547F191304C07C59659F1B48 /* Pods.release.xcconfig */,
			);
			name = Pods;
			sourceTree = "<group>";
		};
/* End PBXGroup section */

/* Begin PBXNativeTarget section */
		5471DFE41A055C4F00A894BE /* EmojiPass */ = {
			isa = PBXNativeTarget;
			buildConfigurationList = 5471E00B1A055C5000A894BE /* Build configuration list for PBXNativeTarget "EmojiPass" */;
			buildPhases = (
				D25ACB279250F4C9FA7B1164 /* Check Pods Manifest.lock */,
				5471DFE11A055C4F00A894BE /* Sources */,
				5471DFE21A055C4F00A894BE /* Frameworks */,
				5471DFE31A055C4F00A894BE /* Resources */,
				C17B2BBCA281E42B978C11A9 /* Copy Pods Resources */,
			);
			buildRules = (
			);
			dependencies = (
			);
			name = EmojiPass;
			productName = EmojiPass;
			productReference = 5471DFE51A055C4F00A894BE /* EmojiPass.app */;
			productType = "com.apple.product-type.application";
		};
		5471E0001A055C5000A894BE /* EmojiPassTests */ = {
			isa = PBXNativeTarget;
			buildConfigurationList = 5471E00E1A055C5000A894BE /* Build configuration list for PBXNativeTarget "EmojiPassTests" */;
			buildPhases = (
				5471DFFD1A055C5000A894BE /* Sources */,
				5471DFFE1A055C5000A894BE /* Frameworks */,
				5471DFFF1A055C5000A894BE /* Resources */,
			);
			buildRules = (
			);
			dependencies = (
				5471E0031A055C5000A894BE /* PBXTargetDependency */,
			);
			name = EmojiPassTests;
			productName = EmojiPassTests;
			productReference = 5471E0011A055C5000A894BE /* EmojiPassTests.xctest */;
			productType = "com.apple.product-type.bundle.unit-test";
		};
/* End PBXNativeTarget section */

/* Begin PBXProject section */
		5471DFDD1A055C4F00A894BE /* Project object */ = {
			isa = PBXProject;
			attributes = {
				LastUpgradeCheck = 0600;
				ORGANIZATIONNAME = "Mimee Xu";
				TargetAttributes = {
					5471DFE41A055C4F00A894BE = {
						CreatedOnToolsVersion = 6.1;
					};
					5471E0001A055C5000A894BE = {
						CreatedOnToolsVersion = 6.1;
						TestTargetID = 5471DFE41A055C4F00A894BE;
					};
				};
			};
			buildConfigurationList = 5471DFE01A055C4F00A894BE /* Build configuration list for PBXProject "EmojiPass" */;
			compatibilityVersion = "Xcode 3.2";
			developmentRegion = English;
			hasScannedForEncodings = 0;
			knownRegions = (
				en,
				Base,
			);
			mainGroup = 5471DFDC1A055C4F00A894BE;
			productRefGroup = 5471DFE61A055C4F00A894BE /* Products */;
			projectDirPath = "";
			projectRoot = "";
			targets = (
				5471DFE41A055C4F00A894BE /* EmojiPass */,
				5471E0001A055C5000A894BE /* EmojiPassTests */,
			);
		};
/* End PBXProject section */

/* Begin PBXResourcesBuildPhase section */
		5471DFE31A055C4F00A894BE /* Resources */ = {
			isa = PBXResourcesBuildPhase;
			buildActionMask = 2147483647;
			files = (
				5471DFF71A055C4F00A894BE /* Main.storyboard in Resources */,
				D0049B8B1A06416F00AFF1E6 /* background.png in Resources */,
				5471DFFC1A055C4F00A894BE /* LaunchScreen.xib in Resources */,
				D0049B8A1A06416F00AFF1E6 /* face.jpg in Resources */,
				D0049B8E1A064FF500AFF1E6 /* background2.jpg in Resources */,
				5471DFF91A055C4F00A894BE /* Images.xcassets in Resources */,
				D0049B8F1A064FF500AFF1E6 /* background3.jpg in Resources */,
			);
			runOnlyForDeploymentPostprocessing = 0;
		};
		5471DFFF1A055C5000A894BE /* Resources */ = {
			isa = PBXResourcesBuildPhase;
			buildActionMask = 2147483647;
			files = (
			);
			runOnlyForDeploymentPostprocessing = 0;
		};
/* End PBXResourcesBuildPhase section */

/* Begin PBXShellScriptBuildPhase section */
		C17B2BBCA281E42B978C11A9 /* Copy Pods Resources */ = {
			isa = PBXShellScriptBuildPhase;
			buildActionMask = 2147483647;
			files = (
			);
			inputPaths = (
			);
			name = "Copy Pods Resources";
			outputPaths = (
			);
			runOnlyForDeploymentPostprocessing = 0;
			shellPath = /bin/sh;
			shellScript = "\"${SRCROOT}/Pods/Target Support Files/Pods/Pods-resources.sh\"\n";
			showEnvVarsInLog = 0;
		};
		D25ACB279250F4C9FA7B1164 /* Check Pods Manifest.lock */ = {
			isa = PBXShellScriptBuildPhase;
			buildActionMask = 2147483647;
			files = (
			);
			inputPaths = (
			);
			name = "Check Pods Manifest.lock";
			outputPaths = (
			);
			runOnlyForDeploymentPostprocessing = 0;
			shellPath = /bin/sh;
			shellScript = "diff \"${PODS_ROOT}/../Podfile.lock\" \"${PODS_ROOT}/Manifest.lock\" > /dev/null\nif [[ $? != 0 ]] ; then\n    cat << EOM\nerror: The sandbox is not in sync with the Podfile.lock. Run 'pod install' or update your CocoaPods installation.\nEOM\n    exit 1\nfi\n";
			showEnvVarsInLog = 0;
		};
/* End PBXShellScriptBuildPhase section */

/* Begin PBXSourcesBuildPhase section */
		5471DFE11A055C4F00A894BE /* Sources */ = {
			isa = PBXSourcesBuildPhase;
			buildActionMask = 2147483647;
			files = (
				D0049B811A05B34F00AFF1E6 /* MercuryClient.m in Sources */,
				5471DFF11A055C4F00A894BE /* EmojiPass.xcdatamodeld in Sources */,
				D0049B871A06273300AFF1E6 /* CalibrateViewController.m in Sources */,
				5471E0191A0574D200A894BE /* CameraProcessingViewController.mm in Sources */,
				5471DFEE1A055C4F00A894BE /* AppDelegate.m in Sources */,
				5471DFF41A055C4F00A894BE /* ViewController.m in Sources */,
				5471DFEB1A055C4F00A894BE /* main.m in Sources */,
				D0049B841A05E17900AFF1E6 /* CreditCardViewController.m in Sources */,
			);
			runOnlyForDeploymentPostprocessing = 0;
		};
		5471DFFD1A055C5000A894BE /* Sources */ = {
			isa = PBXSourcesBuildPhase;
			buildActionMask = 2147483647;
			files = (
				5471E0081A055C5000A894BE /* EmojiPassTests.m in Sources */,
			);
			runOnlyForDeploymentPostprocessing = 0;
		};
/* End PBXSourcesBuildPhase section */

/* Begin PBXTargetDependency section */
		5471E0031A055C5000A894BE /* PBXTargetDependency */ = {
			isa = PBXTargetDependency;
			target = 5471DFE41A055C4F00A894BE /* EmojiPass */;
			targetProxy = 5471E0021A055C5000A894BE /* PBXContainerItemProxy */;
		};
/* End PBXTargetDependency section */

/* Begin PBXVariantGroup section */
		5471DFF51A055C4F00A894BE /* Main.storyboard */ = {
			isa = PBXVariantGroup;
			children = (
				5471DFF61A055C4F00A894BE /* Base */,
			);
			name = Main.storyboard;
			sourceTree = "<group>";
		};
		5471DFFA1A055C4F00A894BE /* LaunchScreen.xib */ = {
			isa = PBXVariantGroup;
			children = (
				5471DFFB1A055C4F00A894BE /* Base */,
			);
			name = LaunchScreen.xib;
			sourceTree = "<group>";
		};
/* End PBXVariantGroup section */

/* Begin XCBuildConfiguration section */
		5471E0091A055C5000A894BE /* Debug */ = {
			isa = XCBuildConfiguration;
			buildSettings = {
				ALWAYS_SEARCH_USER_PATHS = NO;
				CLANG_CXX_LANGUAGE_STANDARD = "gnu++0x";
				CLANG_CXX_LIBRARY = "libc++";
				CLANG_ENABLE_MODULES = YES;
				CLANG_ENABLE_OBJC_ARC = YES;
				CLANG_WARN_BOOL_CONVERSION = YES;
				CLANG_WARN_CONSTANT_CONVERSION = YES;
				CLANG_WARN_DIRECT_OBJC_ISA_USAGE = YES_ERROR;
				CLANG_WARN_EMPTY_BODY = YES;
				CLANG_WARN_ENUM_CONVERSION = YES;
				CLANG_WARN_INT_CONVERSION = YES;
				CLANG_WARN_OBJC_ROOT_CLASS = YES_ERROR;
				CLANG_WARN_UNREACHABLE_CODE = YES;
				CLANG_WARN__DUPLICATE_METHOD_MATCH = YES;
				"CODE_SIGN_IDENTITY[sdk=iphoneos*]" = "iPhone Developer";
				COPY_PHASE_STRIP = NO;
				ENABLE_STRICT_OBJC_MSGSEND = YES;
				GCC_C_LANGUAGE_STANDARD = gnu99;
				GCC_DYNAMIC_NO_PIC = NO;
				GCC_OPTIMIZATION_LEVEL = 0;
				GCC_PREPROCESSOR_DEFINITIONS = (
					"DEBUG=1",
					"$(inherited)",
				);
				GCC_SYMBOLS_PRIVATE_EXTERN = NO;
				GCC_WARN_64_TO_32_BIT_CONVERSION = YES;
				GCC_WARN_UNDECLARED_SELECTOR = YES;
				GCC_WARN_UNINITIALIZED_AUTOS = YES_AGGRESSIVE;
				GCC_WARN_UNUSED_FUNCTION = YES;
				GCC_WARN_UNUSED_VARIABLE = YES;
				IPHONEOS_DEPLOYMENT_TARGET = 8.0;
				MTL_ENABLE_DEBUG_INFO = YES;
				ONLY_ACTIVE_ARCH = YES;
				SDKROOT = iphoneos;
			};
			name = Debug;
		};
		5471E00A1A055C5000A894BE /* Release */ = {
			isa = XCBuildConfiguration;
			buildSettings = {
				ALWAYS_SEARCH_USER_PATHS = NO;
				CLANG_CXX_LANGUAGE_STANDARD = "gnu++0x";
				CLANG_CXX_LIBRARY = "libc++";
				CLANG_ENABLE_MODULES = YES;
				CLANG_ENABLE_OBJC_ARC = YES;
				CLANG_WARN_BOOL_CONVERSION = YES;
				CLANG_WARN_CONSTANT_CONVERSION = YES;
				CLANG_WARN_DIRECT_OBJC_ISA_USAGE = YES_ERROR;
				CLANG_WARN_EMPTY_BODY = YES;
				CLANG_WARN_ENUM_CONVERSION = YES;
				CLANG_WARN_INT_CONVERSION = YES;
				CLANG_WARN_OBJC_ROOT_CLASS = YES_ERROR;
				CLANG_WARN_UNREACHABLE_CODE = YES;
				CLANG_WARN__DUPLICATE_METHOD_MATCH = YES;
				"CODE_SIGN_IDENTITY[sdk=iphoneos*]" = "iPhone Developer";
				COPY_PHASE_STRIP = YES;
				ENABLE_NS_ASSERTIONS = NO;
				ENABLE_STRICT_OBJC_MSGSEND = YES;
				GCC_C_LANGUAGE_STANDARD = gnu99;
				GCC_WARN_64_TO_32_BIT_CONVERSION = YES;
				GCC_WARN_UNDECLARED_SELECTOR = YES;
				GCC_WARN_UNINITIALIZED_AUTOS = YES_AGGRESSIVE;
				GCC_WARN_UNUSED_FUNCTION = YES;
				GCC_WARN_UNUSED_VARIABLE = YES;
				IPHONEOS_DEPLOYMENT_TARGET = 8.0;
				MTL_ENABLE_DEBUG_INFO = NO;
				SDKROOT = iphoneos;
				VALIDATE_PRODUCT = YES;
			};
			name = Release;
		};
		5471E00C1A055C5000A894BE /* Debug */ = {
			isa = XCBuildConfiguration;
			baseConfigurationReference = B0E05438D28C24268E02676E /* Pods.debug.xcconfig */;
			buildSettings = {
				ASSETCATALOG_COMPILER_APPICON_NAME = AppIcon;
				FRAMEWORK_SEARCH_PATHS = (
					"$(inherited)",
					"$(PROJECT_DIR)/EmojiPass",
				);
				GCC_PREFIX_HEADER = "${PROJECT_DIR}/EmojiPass/PrefixHeader.pch";
				INFOPLIST_FILE = EmojiPass/Info.plist;
				IPHONEOS_DEPLOYMENT_TARGET = 8.0;
				LD_RUNPATH_SEARCH_PATHS = "$(inherited) @executable_path/Frameworks";
				PRODUCT_NAME = "$(TARGET_NAME)";
			};
			name = Debug;
		};
		5471E00D1A055C5000A894BE /* Release */ = {
			isa = XCBuildConfiguration;
			baseConfigurationReference = 547F191304C07C59659F1B48 /* Pods.release.xcconfig */;
			buildSettings = {
				ASSETCATALOG_COMPILER_APPICON_NAME = AppIcon;
				FRAMEWORK_SEARCH_PATHS = (
					"$(inherited)",
					"$(PROJECT_DIR)/EmojiPass",
				);
				GCC_PREFIX_HEADER = /Users/jhalko/projects/EmojiPass/EmojiPass/PrefixHeader.pch;
				INFOPLIST_FILE = EmojiPass/Info.plist;
				IPHONEOS_DEPLOYMENT_TARGET = 8.0;
				LD_RUNPATH_SEARCH_PATHS = "$(inherited) @executable_path/Frameworks";
				PRODUCT_NAME = "$(TARGET_NAME)";
			};
			name = Release;
		};
		5471E00F1A055C5000A894BE /* Debug */ = {
			isa = XCBuildConfiguration;
			buildSettings = {
				BUNDLE_LOADER = "$(TEST_HOST)";
				FRAMEWORK_SEARCH_PATHS = (
					"$(SDKROOT)/Developer/Library/Frameworks",
					"$(inherited)",
				);
				GCC_PREPROCESSOR_DEFINITIONS = (
					"DEBUG=1",
					"$(inherited)",
				);
				INFOPLIST_FILE = EmojiPassTests/Info.plist;
				LD_RUNPATH_SEARCH_PATHS = "$(inherited) @executable_path/Frameworks @loader_path/Frameworks";
				PRODUCT_NAME = "$(TARGET_NAME)";
				TEST_HOST = "$(BUILT_PRODUCTS_DIR)/EmojiPass.app/EmojiPass";
			};
			name = Debug;
		};
		5471E0101A055C5000A894BE /* Release */ = {
			isa = XCBuildConfiguration;
			buildSettings = {
				BUNDLE_LOADER = "$(TEST_HOST)";
				FRAMEWORK_SEARCH_PATHS = (
					"$(SDKROOT)/Developer/Library/Frameworks",
					"$(inherited)",
				);
				INFOPLIST_FILE = EmojiPassTests/Info.plist;
				LD_RUNPATH_SEARCH_PATHS = "$(inherited) @executable_path/Frameworks @loader_path/Frameworks";
				PRODUCT_NAME = "$(TARGET_NAME)";
				TEST_HOST = "$(BUILT_PRODUCTS_DIR)/EmojiPass.app/EmojiPass";
			};
			name = Release;
		};
/* End XCBuildConfiguration section */

/* Begin XCConfigurationList section */
		5471DFE01A055C4F00A894BE /* Build configuration list for PBXProject "EmojiPass" */ = {
			isa = XCConfigurationList;
			buildConfigurations = (
				5471E0091A055C5000A894BE /* Debug */,
				5471E00A1A055C5000A894BE /* Release */,
			);
			defaultConfigurationIsVisible = 0;
			defaultConfigurationName = Release;
		};
		5471E00B1A055C5000A894BE /* Build configuration list for PBXNativeTarget "EmojiPass" */ = {
			isa = XCConfigurationList;
			buildConfigurations = (
				5471E00C1A055C5000A894BE /* Debug */,
				5471E00D1A055C5000A894BE /* Release */,
			);
			defaultConfigurationIsVisible = 0;
			defaultConfigurationName = Release;
		};
		5471E00E1A055C5000A894BE /* Build configuration list for PBXNativeTarget "EmojiPassTests" */ = {
			isa = XCConfigurationList;
			buildConfigurations = (
				5471E00F1A055C5000A894BE /* Debug */,
				5471E0101A055C5000A894BE /* Release */,
			);
			defaultConfigurationIsVisible = 0;
			defaultConfigurationName = Release;
		};
/* End XCConfigurationList section */

/* Begin XCVersionGroup section */
		5471DFEF1A055C4F00A894BE /* EmojiPass.xcdatamodeld */ = {
			isa = XCVersionGroup;
			children = (
				5471DFF01A055C4F00A894BE /* EmojiPass.xcdatamodel */,
			);
			currentVersion = 5471DFF01A055C4F00A894BE /* EmojiPass.xcdatamodel */;
			path = EmojiPass.xcdatamodeld;
			sourceTree = "<group>";
			versionGroupType = wrapper.xcdatamodel;
		};
/* End XCVersionGroup section */
	};
	rootObject = 5471DFDD1A055C4F00A894BE /* Project object */;
}
